
Microsoft Visual Studio Solution File, Format Version 12.00
# Visual Studio Version 17
VisualStudioVersion = 17.5.33530.505
MinimumVisualStudioVersion = 10.0.40219.1
Project("{FAE04EC0-301F-11D3-BF4B-00C04F79EFBC}") = "AspNet-intro", "AspNet-intro\AspNet-intro.csproj", "{A57725E7-068A-42E2-B0B6-EE87517C4286}"
EndProject
Global
	GlobalSection(SolutionConfigurationPlatforms) = preSolution
		Debug|Any CPU = Debug|Any CPU
		Release|Any CPU = Release|Any CPU
	EndGlobalSection
	GlobalSection(ProjectConfigurationPlatforms) = postSolution
		{A57725E7-068A-42E2-B0B6-EE87517C4286}.Debug|Any CPU.ActiveCfg = Debug|Any CPU
		{A57725E7-068A-42E2-B0B6-EE87517C4286}.Debug|Any CPU.Build.0 = Debug|Any CPU
		{A57725E7-068A-42E2-B0B6-EE87517C4286}.Release|Any CPU.ActiveCfg = Release|Any CPU
		{A57725E7-068A-42E2-B0B6-EE87517C4286}.Release|Any CPU.Build.0 = Release|Any CPU
	EndGlobalSection
	GlobalSection(SolutionProperties) = preSolution
		HideSolutionNode = FALSE
	EndGlobalSection
	GlobalSection(ExtensibilityGlobals) = postSolution
		SolutionGuid = {657456FF-DF57-47D4-9EA6-338A0A56F934}
	EndGlobalSection
EndGlobal
